
Microsoft Visual Studio Solution File, Format Version 12.00
# Visual Studio Version 16
VisualStudioVersion = 16.0.30804.86
MinimumVisualStudioVersion = 10.0.40219.1
Project("{9A19103F-16F7-4668-BE54-9A1E7A4F7556}") = "VL.Audio.GPL", "VL.Audio.GPL.csproj", "{D4E5F37F-3BE5-44CA-BBDB-3C37FEAF3BE8}"
EndProject
Global
	GlobalSection(SolutionConfigurationPlatforms) = preSolution
		Debug|Any CPU = Debug|Any CPU
		Release|Any CPU = Release|Any CPU
	EndGlobalSection
	GlobalSection(ProjectConfigurationPlatforms) = postSolution
		{D4E5F37F-3BE5-44CA-BBDB-3C37FEAF3BE8}.Debug|Any CPU.ActiveCfg = Debug|Any CPU
		{D4E5F37F-3BE5-44CA-BBDB-3C37FEAF3BE8}.Debug|Any CPU.Build.0 = Debug|Any CPU
		{D4E5F37F-3BE5-44CA-BBDB-3C37FEAF3BE8}.Release|Any CPU.ActiveCfg = Release|Any CPU
		{D4E5F37F-3BE5-44CA-BBDB-3C37FEAF3BE8}.Release|Any CPU.Build.0 = Release|Any CPU
	EndGlobalSection
	GlobalSection(SolutionProperties) = preSolution
		HideSolutionNode = FALSE
	EndGlobalSection
	GlobalSection(ExtensibilityGlobals) = postSolution
		SolutionGuid = {95335DC0-FD71-4B07-989A-91B7B7EFF71A}
	EndGlobalSection
EndGlobal
